// !$*UTF8*$!
{
	archiveVersion = 1;
	classes = {
	};
	objectVersion = 46;
	objects = {

/* Begin PBXBuildFile section */
		D3631F431E59814E003158CB /* AppDelegate.swift in Sources */ = {isa = PBXBuildFile; fileRef = D3631F421E59814E003158CB /* AppDelegate.swift */; };
		D3631F451E59814E003158CB /* ViewController.swift in Sources */ = {isa = PBXBuildFile; fileRef = D3631F441E59814E003158CB /* ViewController.swift */; };
		D3631F481E59814E003158CB /* Main.storyboard in Resources */ = {isa = PBXBuildFile; fileRef = D3631F461E59814E003158CB /* Main.storyboard */; };
		D3631F4A1E59814E003158CB /* Assets.xcassets in Resources */ = {isa = PBXBuildFile; fileRef = D3631F491E59814E003158CB /* Assets.xcassets */; };
		D3631F4D1E59814E003158CB /* LaunchScreen.storyboard in Resources */ = {isa = PBXBuildFile; fileRef = D3631F4B1E59814E003158CB /* LaunchScreen.storyboard */; };
		D3631F581E59814E003158CB /* helloworldTests.swift in Sources */ = {isa = PBXBuildFile; fileRef = D3631F571E59814E003158CB /* helloworldTests.swift */; };
/* End PBXBuildFile section */

/* Begin PBXContainerItemProxy section */
		D3631F541E59814E003158CB /* PBXContainerItemProxy */ = {
			isa = PBXContainerItemProxy;
			containerPortal = D3631F371E59814D003158CB /* Project object */;
			proxyType = 1;
			remoteGlobalIDString = D3631F3E1E59814D003158CB;
			remoteInfo = helloworld;
		};
/* End PBXContainerItemProxy section */

/* Begin PBXFileReference section */
		D3631F3F1E59814E003158CB /* helloworld.app */ = {isa = PBXFileReference; explicitFileType = wrapper.application; includeInIndex = 0; path = helloworld.app; sourceTree = BUILT_PRODUCTS_DIR; };
		D3631F421E59814E003158CB /* AppDelegate.swift */ = {isa = PBXFileReference; lastKnownFileType = sourcecode.swift; path = AppDelegate.swift; sourceTree = "<group>"; };
		D3631F441E59814E003158CB /* ViewController.swift */ = {isa = PBXFileReference; lastKnownFileType = sourcecode.swift; path = ViewController.swift; sourceTree = "<group>"; };
		D3631F471E59814E003158CB /* Base */ = {isa = PBXFileReference; lastKnownFileType = file.storyboard; name = Base; path = Base.lproj/Main.storyboard; sourceTree = "<group>"; };
		D3631F491E59814E003158CB /* Assets.xcassets */ = {isa = PBXFileReference; lastKnownFileType = folder.assetcatalog; path = Assets.xcassets; sourceTree = "<group>"; };
		D3631F4C1E59814E003158CB /* Base */ = {isa = PBXFileReference; lastKnownFileType = file.storyboard; name = Base; path = Base.lproj/LaunchScreen.storyboard; sourceTree = "<group>"; };
		D3631F4E1E59814E003158CB /* Info.plist */ = {isa = PBXFileReference; lastKnownFileType = text.plist.xml; path = Info.plist; sourceTree = "<group>"; };
		D3631F531E59814E003158CB /* helloworldTests.xctest */ = {isa = PBXFileReference; explicitFileType = wrapper.cfbundle; includeInIndex = 0; path = helloworldTests.xctest; sourceTree = BUILT_PRODUCTS_DIR; };
		D3631F571E59814E003158CB /* helloworldTests.swift */ = {isa = PBXFileReference; lastKnownFileType = sourcecode.swift; path = helloworldTests.swift; sourceTree = "<group>"; };
		D3631F591E59814E003158CB /* Info.plist */ = {isa = PBXFileReference; lastKnownFileType = text.plist.xml; path = Info.plist; sourceTree = "<group>"; };
/* End PBXFileReference section */

/* Begin PBXFrameworksBuildPhase section */
		D3631F3C1E59814D003158CB /* Frameworks */ = {
			isa = PBXFrameworksBuildPhase;
			buildActionMask = 2147483647;
			files = (
			);
			runOnlyForDeploymentPostprocessing = 0;
		};
		D3631F501E59814E003158CB /* Frameworks */ = {
			isa = PBXFrameworksBuildPhase;
			buildActionMask = 2147483647;
			files = (
			);
			runOnlyForDeploymentPostprocessing = 0;
		};
/* End PBXFrameworksBuildPhase section */

/* Begin PBXGroup section */
		D3631F361E59814D003158CB = {
			isa = PBXGroup;
			children = (
				D3631F411E59814E003158CB /* helloworld */,
				D3631F561E59814E003158CB /* helloworldTests */,
				D3631F401E59814E003158CB /* Products */,
			);
			sourceTree = "<group>";
		};
		D3631F401E59814E003158CB /* Products */ = {
			isa = PBXGroup;
			children = (
				D3631F3F1E59814E003158CB /* helloworld.app */,
				D3631F531E59814E003158CB /* helloworldTests.xctest */,
			);
			name = Products;
			sourceTree = "<group>";
		};
		D3631F411E59814E003158CB /* helloworld */ = {
			isa = PBXGroup;
			children = (
				D3631F421E59814E003158CB /* AppDelegate.swift */,
				D3631F441E59814E003158CB /* ViewController.swift */,
				D3631F461E59814E003158CB /* Main.storyboard */,
				D3631F491E59814E003158CB /* Assets.xcassets */,
				D3631F4B1E59814E003158CB /* LaunchScreen.storyboard */,
				D3631F4E1E59814E003158CB /* Info.plist */,
			);
			path = helloworld;
			sourceTree = "<group>";
		};
		D3631F561E59814E003158CB /* helloworldTests */ = {
			isa = PBXGroup;
			children = (
				D3631F571E59814E003158CB /* helloworldTests.swift */,
				D3631F591E59814E003158CB /* Info.plist */,
			);
			path = helloworldTests;
			sourceTree = "<group>";
		};
/* End PBXGroup section */

/* Begin PBXNativeTarget section */
		D3631F3E1E59814D003158CB /* helloworld */ = {
			isa = PBXNativeTarget;
			buildConfigurationList = D3631F5C1E59814E003158CB /* Build configuration list for PBXNativeTarget "helloworld" */;
			buildPhases = (
				D3631F3B1E59814D003158CB /* Sources */,
				D3631F3C1E59814D003158CB /* Frameworks */,
				D3631F3D1E59814D003158CB /* Resources */,
			);
			buildRules = (
			);
			dependencies = (
			);
			name = helloworld;
			productName = helloworld;
			productReference = D3631F3F1E59814E003158CB /* helloworld.app */;
			productType = "com.apple.product-type.application";
		};
		D3631F521E59814E003158CB /* helloworldTests */ = {
			isa = PBXNativeTarget;
			buildConfigurationList = D3631F5F1E59814E003158CB /* Build configuration list for PBXNativeTarget "helloworldTests" */;
			buildPhases = (
				D3631F4F1E59814E003158CB /* Sources */,
				D3631F501E59814E003158CB /* Frameworks */,
				D3631F511E59814E003158CB /* Resources */,
			);
			buildRules = (
			);
			dependencies = (
				D3631F551E59814E003158CB /* PBXTargetDependency */,
			);
			name = helloworldTests;
			productName = helloworldTests;
			productReference = D3631F531E59814E003158CB /* helloworldTests.xctest */;
			productType = "com.apple.product-type.bundle.unit-test";
		};
/* End PBXNativeTarget section */

/* Begin PBXProject section */
		D3631F371E59814D003158CB /* Project object */ = {
			isa = PBXProject;
			attributes = {
				LastSwiftUpdateCheck = 0820;
				LastUpgradeCheck = 0820;
				ORGANIZATIONNAME = "Halvard Skogsrud";
				TargetAttributes = {
					D3631F3E1E59814D003158CB = {
						CreatedOnToolsVersion = 8.2.1;
						DevelopmentTeam = WSV84C6TF9;
						ProvisioningStyle = Automatic;
					};
					D3631F521E59814E003158CB = {
						CreatedOnToolsVersion = 8.2.1;
						DevelopmentTeam = WSV84C6TF9;
						ProvisioningStyle = Automatic;
						TestTargetID = D3631F3E1E59814D003158CB;
					};
				};
			};
			buildConfigurationList = D3631F3A1E59814D003158CB /* Build configuration list for PBXProject "helloworld" */;
			compatibilityVersion = "Xcode 3.2";
			developmentRegion = English;
			hasScannedForEncodings = 0;
			knownRegions = (
				en,
				Base,
			);
			mainGroup = D3631F361E59814D003158CB;
			productRefGroup = D3631F401E59814E003158CB /* Products */;
			projectDirPath = "";
			projectRoot = "";
			targets = (
				D3631F3E1E59814D003158CB /* helloworld */,
				D3631F521E59814E003158CB /* helloworldTests */,
			);
		};
/* End PBXProject section */

/* Begin PBXResourcesBuildPhase section */
		D3631F3D1E59814D003158CB /* Resources */ = {
			isa = PBXResourcesBuildPhase;
			buildActionMask = 2147483647;
			files = (
				D3631F4D1E59814E003158CB /* LaunchScreen.storyboard in Resources */,
				D3631F4A1E59814E003158CB /* Assets.xcassets in Resources */,
				D3631F481E59814E003158CB /* Main.storyboard in Resources */,
			);
			runOnlyForDeploymentPostprocessing = 0;
		};
		D3631F511E59814E003158CB /* Resources */ = {
			isa = PBXResourcesBuildPhase;
			buildActionMask = 2147483647;
			files = (
			);
			runOnlyForDeploymentPostprocessing = 0;
		};
/* End PBXResourcesBuildPhase section */

/* Begin PBXSourcesBuildPhase section */
		D3631F3B1E59814D003158CB /* Sources */ = {
			isa = PBXSourcesBuildPhase;
			buildActionMask = 2147483647;
			files = (
				D3631F451E59814E003158CB /* ViewController.swift in Sources */,
				D3631F431E59814E003158CB /* AppDelegate.swift in Sources */,
			);
			runOnlyForDeploymentPostprocessing = 0;
		};
		D3631F4F1E59814E003158CB /* Sources */ = {
			isa = PBXSourcesBuildPhase;
			buildActionMask = 2147483647;
			files = (
				D3631F581E59814E003158CB /* helloworldTests.swift in Sources */,
			);
			runOnlyForDeploymentPostprocessing = 0;
		};
/* End PBXSourcesBuildPhase section */

/* Begin PBXTargetDependency section */
		D3631F551E59814E003158CB /* PBXTargetDependency */ = {
			isa = PBXTargetDependency;
			target = D3631F3E1E59814D003158CB /* helloworld */;
			targetProxy = D3631F541E59814E003158CB /* PBXContainerItemProxy */;
		};
/* End PBXTargetDependency section */

/* Begin PBXVariantGroup section */
		D3631F461E59814E003158CB /* Main.storyboard */ = {
			isa = PBXVariantGroup;
			children = (
				D3631F471E59814E003158CB /* Base */,
			);
			name = Main.storyboard;
			sourceTree = "<group>";
		};
		D3631F4B1E59814E003158CB /* LaunchScreen.storyboard */ = {
			isa = PBXVariantGroup;
			children = (
				D3631F4C1E59814E003158CB /* Base */,
			);
			name = LaunchScreen.storyboard;
			sourceTree = "<group>";
		};
/* End PBXVariantGroup section */

/* Begin XCBuildConfiguration section */
		D3631F5A1E59814E003158CB /* Debug */ = {
			isa = XCBuildConfiguration;
			buildSettings = {
				ALWAYS_SEARCH_USER_PATHS = NO;
				CLANG_ANALYZER_NONNULL = YES;
				CLANG_CXX_LANGUAGE_STANDARD = "gnu++0x";
				CLANG_CXX_LIBRARY = "libc++";
				CLANG_ENABLE_MODULES = YES;
				CLANG_ENABLE_OBJC_ARC = YES;
				CLANG_WARN_BOOL_CONVERSION = YES;
				CLANG_WARN_CONSTANT_CONVERSION = YES;
				CLANG_WARN_DIRECT_OBJC_ISA_USAGE = YES_ERROR;
				CLANG_WARN_DOCUMENTATION_COMMENTS = YES;
				CLANG_WARN_EMPTY_BODY = YES;
				CLANG_WARN_ENUM_CONVERSION = YES;
				CLANG_WARN_INFINITE_RECURSION = YES;
				CLANG_WARN_INT_CONVERSION = YES;
				CLANG_WARN_OBJC_ROOT_CLASS = YES_ERROR;
				CLANG_WARN_SUSPICIOUS_MOVE = YES;
				CLANG_WARN_UNREACHABLE_CODE = YES;
				CLANG_WARN__DUPLICATE_METHOD_MATCH = YES;
				"CODE_SIGN_IDENTITY[sdk=iphoneos*]" = "iPhone Developer";
				COPY_PHASE_STRIP = NO;
				DEBUG_INFORMATION_FORMAT = dwarf;
				ENABLE_STRICT_OBJC_MSGSEND = YES;
				ENABLE_TESTABILITY = YES;
				GCC_C_LANGUAGE_STANDARD = gnu99;
				GCC_DYNAMIC_NO_PIC = NO;
				GCC_NO_COMMON_BLOCKS = YES;
				GCC_OPTIMIZATION_LEVEL = 0;
				GCC_PREPROCESSOR_DEFINITIONS = (
					"DEBUG=1",
					"$(inherited)",
				);
				GCC_WARN_64_TO_32_BIT_CONVERSION = YES;
				GCC_WARN_ABOUT_RETURN_TYPE = YES_ERROR;
				GCC_WARN_UNDECLARED_SELECTOR = YES;
				GCC_WARN_UNINITIALIZED_AUTOS = YES_AGGRESSIVE;
				GCC_WARN_UNUSED_FUNCTION = YES;
				GCC_WARN_UNUSED_VARIABLE = YES;
				IPHONEOS_DEPLOYMENT_TARGET = 10.2;
				MTL_ENABLE_DEBUG_INFO = YES;
				ONLY_ACTIVE_ARCH = YES;
				SDKROOT = iphoneos;
				SWIFT_ACTIVE_COMPILATION_CONDITIONS = DEBUG;
				SWIFT_OPTIMIZATION_LEVEL = "-Onone";
				TARGETED_DEVICE_FAMILY = "1,2";
			};
			name = Debug;
		};
		D3631F5B1E59814E003158CB /* Release */ = {
			isa = XCBuildConfiguration;
			buildSettings = {
				ALWAYS_SEARCH_USER_PATHS = NO;
				CLANG_ANALYZER_NONNULL = YES;
				CLANG_CXX_LANGUAGE_STANDARD = "gnu++0x";
				CLANG_CXX_LIBRARY = "libc++";
				CLANG_ENABLE_MODULES = YES;
				CLANG_ENABLE_OBJC_ARC = YES;
				CLANG_WARN_BOOL_CONVERSION = YES;
				CLANG_WARN_CONSTANT_CONVERSION = YES;
				CLANG_WARN_DIRECT_OBJC_ISA_USAGE = YES_ERROR;
				CLANG_WARN_DOCUMENTATION_COMMENTS = YES;
				CLANG_WARN_EMPTY_BODY = YES;
				CLANG_WARN_ENUM_CONVERSION = YES;
				CLANG_WARN_INFINITE_RECURSION = YES;
				CLANG_WARN_INT_CONVERSION = YES;
				CLANG_WARN_OBJC_ROOT_CLASS = YES_ERROR;
				CLANG_WARN_SUSPICIOUS_MOVE = YES;
				CLANG_WARN_UNREACHABLE_CODE = YES;
				CLANG_WARN__DUPLICATE_METHOD_MATCH = YES;
				"CODE_SIGN_IDENTITY[sdk=iphoneos*]" = "iPhone Developer";
				COPY_PHASE_STRIP = NO;
				DEBUG_INFORMATION_FORMAT = "dwarf-with-dsym";
				ENABLE_NS_ASSERTIONS = NO;
				ENABLE_STRICT_OBJC_MSGSEND = YES;
				GCC_C_LANGUAGE_STANDARD = gnu99;
				GCC_NO_COMMON_BLOCKS = YES;
				GCC_WARN_64_TO_32_BIT_CONVERSION = YES;
				GCC_WARN_ABOUT_RETURN_TYPE = YES_ERROR;
				GCC_WARN_UNDECLARED_SELECTOR = YES;
				GCC_WARN_UNINITIALIZED_AUTOS = YES_AGGRESSIVE;
				GCC_WARN_UNUSED_FUNCTION = YES;
				GCC_WARN_UNUSED_VARIABLE = YES;
				IPHONEOS_DEPLOYMENT_TARGET = 10.2;
				MTL_ENABLE_DEBUG_INFO = NO;
				SDKROOT = iphoneos;
				SWIFT_OPTIMIZATION_LEVEL = "-Owholemodule";
				TARGETED_DEVICE_FAMILY = "1,2";
				VALIDATE_PRODUCT = YES;
			};
			name = Release;
		};
		D3631F5D1E59814E003158CB /* Debug */ = {
			isa = XCBuildConfiguration;
			buildSettings = {
				ASSETCATALOG_COMPILER_APPICON_NAME = AppIcon;
				DEVELOPMENT_TEAM = WSV84C6TF9;
				INFOPLIST_FILE = helloworld/Info.plist;
				LD_RUNPATH_SEARCH_PATHS = "$(inherited) @executable_path/Frameworks";
				PRODUCT_BUNDLE_IDENTIFIER = com.skogsrud.halvard.helloworld;
				PRODUCT_NAME = "$(TARGET_NAME)";
				SWIFT_VERSION = 3.0;
			};
			name = Debug;
		};
		D3631F5E1E59814E003158CB /* Release */ = {
			isa = XCBuildConfiguration;
			buildSettings = {
				ASSETCATALOG_COMPILER_APPICON_NAME = AppIcon;
				DEVELOPMENT_TEAM = WSV84C6TF9;
				INFOPLIST_FILE = helloworld/Info.plist;
				LD_RUNPATH_SEARCH_PATHS = "$(inherited) @executable_path/Frameworks";
				PRODUCT_BUNDLE_IDENTIFIER = com.skogsrud.halvard.helloworld;
				PRODUCT_NAME = "$(TARGET_NAME)";
				SWIFT_VERSION = 3.0;
			};
			name = Release;
		};
		D3631F601E59814E003158CB /* Debug */ = {
			isa = XCBuildConfiguration;
			buildSettings = {
				ALWAYS_EMBED_SWIFT_STANDARD_LIBRARIES = YES;
				BUNDLE_LOADER = "$(TEST_HOST)";
				DEVELOPMENT_TEAM = WSV84C6TF9;
				INFOPLIST_FILE = helloworldTests/Info.plist;
				LD_RUNPATH_SEARCH_PATHS = "$(inherited) @executable_path/Frameworks @loader_path/Frameworks";
				PRODUCT_BUNDLE_IDENTIFIER = com.skogsrud.halvard.helloworldTests;
				PRODUCT_NAME = "$(TARGET_NAME)";
				SWIFT_VERSION = 3.0;
				TEST_HOST = "$(BUILT_PRODUCTS_DIR)/helloworld.app/helloworld";
			};
			name = Debug;
		};
		D3631F611E59814E003158CB /* Release */ = {
			isa = XCBuildConfiguration;
			buildSettings = {
				ALWAYS_EMBED_SWIFT_STANDARD_LIBRARIES = YES;
				BUNDLE_LOADER = "$(TEST_HOST)";
				DEVELOPMENT_TEAM = WSV84C6TF9;
				INFOPLIST_FILE = helloworldTests/Info.plist;
				LD_RUNPATH_SEARCH_PATHS = "$(inherited) @executable_path/Frameworks @loader_path/Frameworks";
				PRODUCT_BUNDLE_IDENTIFIER = com.skogsrud.halvard.helloworldTests;
				PRODUCT_NAME = "$(TARGET_NAME)";
				SWIFT_VERSION = 3.0;
				TEST_HOST = "$(BUILT_PRODUCTS_DIR)/helloworld.app/helloworld";
			};
			name = Release;
		};
/* End XCBuildConfiguration section */

/* Begin XCConfigurationList section */
		D3631F3A1E59814D003158CB /* Build configuration list for PBXProject "helloworld" */ = {
			isa = XCConfigurationList;
			buildConfigurations = (
				D3631F5A1E59814E003158CB /* Debug */,
				D3631F5B1E59814E003158CB /* Release */,
			);
			defaultConfigurationIsVisible = 0;
			defaultConfigurationName = Release;
		};
		D3631F5C1E59814E003158CB /* Build configuration list for PBXNativeTarget "helloworld" */ = {
			isa = XCConfigurationList;
			buildConfigurations = (
				D3631F5D1E59814E003158CB /* Debug */,
				D3631F5E1E59814E003158CB /* Release */,
			);
			defaultConfigurationIsVisible = 0;
		};
		D3631F5F1E59814E003158CB /* Build configuration list for PBXNativeTarget "helloworldTests" */ = {
			isa = XCConfigurationList;
			buildConfigurations = (
				D3631F601E59814E003158CB /* Debug */,
				D3631F611E59814E003158CB /* Release */,
			);
			defaultConfigurationIsVisible = 0;
		};
/* End XCConfigurationList section */
	};
	rootObject = D3631F371E59814D003158CB /* Project object */;
}
